
Microsoft Visual Studio Solution File, Format Version 12.00
# Visual Studio Version 16
VisualStudioVersion = 16.0.33214.272
MinimumVisualStudioVersion = 10.0.40219.1
Project("{9A19103F-16F7-4668-BE54-9A1E7A4F7556}") = "WebFrogs", "WebFrogs\WebFrogs.csproj", "{5E2705B3-AF6C-48F2-98BF-290EB8C1FB07}"
EndProject
Global
	GlobalSection(SolutionConfigurationPlatforms) = preSolution
		Debug|Any CPU = Debug|Any CPU
		Release|Any CPU = Release|Any CPU
	EndGlobalSection
	GlobalSection(ProjectConfigurationPlatforms) = postSolution
		{5E2705B3-AF6C-48F2-98BF-290EB8C1FB07}.Debug|Any CPU.ActiveCfg = Debug|Any CPU
		{5E2705B3-AF6C-48F2-98BF-290EB8C1FB07}.Debug|Any CPU.Build.0 = Debug|Any CPU
		{5E2705B3-AF6C-48F2-98BF-290EB8C1FB07}.Release|Any CPU.ActiveCfg = Release|Any CPU
		{5E2705B3-AF6C-48F2-98BF-290EB8C1FB07}.Release|Any CPU.Build.0 = Release|Any CPU
	EndGlobalSection
	GlobalSection(SolutionProperties) = preSolution
		HideSolutionNode = FALSE
	EndGlobalSection
	GlobalSection(ExtensibilityGlobals) = postSolution
		SolutionGuid = {7821E14B-8E8B-4DF8-80E0-F2527501FAED}
	EndGlobalSection
EndGlobal
